
Microsoft Visual Studio Solution File, Format Version 12.00
# Visual Studio Version 17
VisualStudioVersion = 17.0.32014.148
MinimumVisualStudioVersion = 10.0.40219.1
Project("{FAE04EC0-301F-11D3-BF4B-00C04F79EFBC}") = "Cryptography", "Cryptography.csproj", "{7BFD0F52-8581-4B84-BF67-13A5E3FC9C2B}"
EndProject
Global
	GlobalSection(SolutionConfigurationPlatforms) = preSolution
		Debug|Any CPU = Debug|Any CPU
		Release|Any CPU = Release|Any CPU
	EndGlobalSection
	GlobalSection(ProjectConfigurationPlatforms) = postSolution
		{7BFD0F52-8581-4B84-BF67-13A5E3FC9C2B}.Debug|Any CPU.ActiveCfg = Debug|Any CPU
		{7BFD0F52-8581-4B84-BF67-13A5E3FC9C2B}.Debug|Any CPU.Build.0 = Debug|Any CPU
		{7BFD0F52-8581-4B84-BF67-13A5E3FC9C2B}.Release|Any CPU.ActiveCfg = Release|Any CPU
		{7BFD0F52-8581-4B84-BF67-13A5E3FC9C2B}.Release|Any CPU.Build.0 = Release|Any CPU
	EndGlobalSection
	GlobalSection(SolutionProperties) = preSolution
		HideSolutionNode = FALSE
	EndGlobalSection
	GlobalSection(ExtensibilityGlobals) = postSolution
		SolutionGuid = {20562F55-6743-442C-9CF7-56AADF3C931C}
	EndGlobalSection
EndGlobal
